uuid: 0201ea56-60c4-47ab-85f6-d2e8a275ec91
langcode: en
status: true
dependencies:
  config:
    - field.storage.paragraph.field_prgf_block
    - paragraphs.paragraphs_type.latest_news_posts_branch
  module:
    - plugin
_core:
  default_config_hash: _IW1lEQc6yamzUTiYLoxfJagh0zbQAjB84NaQiWjsy4
id: paragraph.latest_news_posts_branch.field_prgf_block
field_name: field_prgf_block
entity_type: paragraph
bundle: latest_news_posts_branch
label: Block
description: ''
required: false
translatable: true
default_value:
  -
    plugin_id: 'views_block:latest_news_posts_branch-block'
    plugin_configuration:
      id: 'views_block:latest_news_posts_branch-block'
      label: Block
      provider: null
      label_display: null
      views_label: ''
      items_per_page: none
    plugin_configuration_schema_id: 'block.settings.views_block:latest_news_posts_branch-block'
default_value_callback: ''
settings: {  }
field_type: 'plugin:block'
