uuid: eb49289b-36cd-42f8-85ef-447de40428ff
langcode: en
status: true
dependencies:
  config:
    - field.storage.paragraph.field_prgf_block
    - paragraphs.paragraphs_type.class_location
  module:
    - plugin
_core:
  default_config_hash: dP4ccbFGi0dGWsnBK2f_LZmMjaKouDA7bNAvt4aNIoQ
id: paragraph.class_location.field_prgf_block
field_name: field_prgf_block
entity_type: paragraph
bundle: class_location
label: Block
description: ''
required: true
translatable: true
default_value:
  -
    plugin_id: class_location
    plugin_configuration:
      id: class_location
      label: Block
      provider: null
      label_display: null
    plugin_configuration_schema_id: block.settings.class_location
default_value_callback: ''
settings: {  }
field_type: 'plugin:block'
