uuid: 48a27756-2839-44f8-8901-34609c9c5ba5
langcode: en
status: true
dependencies:
  config:
    - field.storage.paragraph.field_prgrf_sl_block
    - paragraphs.paragraphs_type.social_list
  module:
    - plugin
_core:
  default_config_hash: D7iRB3TpahYE-DAOWh_wtNew07-F6MezqiZIfZJ66iw
id: paragraph.social_list.field_prgrf_sl_block
field_name: field_prgrf_sl_block
entity_type: paragraph
bundle: social_list
label: 'Social List'
description: 'Reference to views block. This block select social posts which were imported before.'
required: false
translatable: false
default_value:
  -
    plugin_id: 'views_block:social_posts_view-social_posts_block'
    plugin_configuration:
      id: 'views_block:social_posts_view-social_posts_block'
      label: ''
      provider: views
      label_display: '0'
      views_label: ''
      items_per_page: none
    plugin_configuration_schema_id: 'block.settings.views_block:social_posts_view-social_posts_block'
default_value_callback: ''
settings: {  }
field_type: 'plugin:block'
