uuid: 3f455df7-408c-4cbf-b061-496f602f72d3
langcode: en
status: true
dependencies:
  config:
    - field.storage.paragraph.field_prgf_block
    - paragraphs.paragraphs_type.schedule_search_form
  module:
    - plugin
_core:
  default_config_hash: vTJvwo4X-EP4gbXDnyVVF1c0RqIDGqZ5yICpUcSazsE
id: paragraph.schedule_search_form.field_prgf_block
field_name: field_prgf_block
entity_type: paragraph
bundle: schedule_search_form
label: Block
description: ''
required: true
translatable: true
default_value:
  -
    plugin_id: schedules_search_form_block
    plugin_configuration:
      id: schedules_search_form_block
      label: Block
      provider: null
      label_display: null
    plugin_configuration_schema_id: block.settings.schedules_search_form_block
default_value_callback: ''
settings: {  }
field_type: 'plugin:block'
