uuid: 2e3ade2a-4562-423e-9de5-6a54d2e8e30d
langcode: en
status: true
dependencies:
  config:
    - field.storage.paragraph.field_prgf_block
    - paragraphs.paragraphs_type.schedule_search_list
  module:
    - plugin
_core:
  default_config_hash: Btlxqr0PTRaoouS0_xsVY6_SMETC7WkuifcjtP5vQFM
id: paragraph.schedule_search_list.field_prgf_block
field_name: field_prgf_block
entity_type: paragraph
bundle: schedule_search_list
label: Block
description: ''
required: true
translatable: true
default_value:
  -
    plugin_id: schedules_search_list_block
    plugin_configuration:
      id: schedules_search_list_block
      label: Block
      provider: null
      label_display: null
    plugin_configuration_schema_id: block.settings.schedules_search_list_block
default_value_callback: ''
settings: {  }
field_type: 'plugin:block'
