uuid: 9d1296e5-e69d-4602-99db-9d9d117b33da
langcode: en
status: true
dependencies:
  module:
    - paragraphs
    - plugin
_core:
  default_config_hash: vJnpb3MfO-25YjwQyxXIX8QJq7pRnTQQT3c2WBAMRu0
id: paragraph.field_prgrf_sl_block
field_name: field_prgrf_sl_block
entity_type: paragraph
type: 'plugin:block'
settings: {  }
module: plugin
locked: false
cardinality: 1
translatable: true
indexes: {  }
persist_with_no_fields: false
custom_storage: false
