uuid: 0c332fad-e0aa-43d6-b491-3bb9d66f3817
langcode: en
status: true
dependencies:
  module:
    - block_content
    - paragraphs
_core:
  default_config_hash: IWrqQq8FkQj_B9YwiK5ECwwkQgOkgvLEWkVpFoNnv0E
id: paragraph.field_prgf_date_block
field_name: field_prgf_date_block
entity_type: paragraph
type: entity_reference
settings:
  target_type: block_content
module: core
locked: false
cardinality: 1
translatable: true
indexes: {  }
persist_with_no_fields: false
custom_storage: false
