uuid: a8b3a8dd-94c5-4620-820e-7c78adbbe953
langcode: en
status: true
dependencies:
  config:
    - field.storage.paragraph.field_prgf_block
    - paragraphs.paragraphs_type.latest_blog_posts_branch
  module:
    - plugin
_core:
  default_config_hash: pY5ZdS5hbcXqs8iic3eWKgMUvimbpLls7dkTI5XbDYo
id: paragraph.latest_blog_posts_branch.field_prgf_block
field_name: field_prgf_block
entity_type: paragraph
bundle: latest_blog_posts_branch
label: Block
description: ''
required: false
translatable: true
default_value:
  -
    plugin_id: 'views_block:latest_blog_posts_branch-block'
    plugin_configuration:
      id: 'views_block:latest_blog_posts_branch-block'
      label: Block
      provider: null
      label_display: null
      views_label: ''
      items_per_page: none
    plugin_configuration_schema_id: 'block.settings.views_block:latest_blog_posts_branch-block'
default_value_callback: ''
settings: {  }
field_type: 'plugin:block'
