uuid: 9de23af4-21b8-4501-9c9e-3b7346016e06
langcode: en
status: true
dependencies:
  config:
    - block_content.type.code_block
_core:
  default_config_hash: M8V4kz0CCA55n-XKOMExzWTqftlMEksCA-5vlbRkYhs
id: block_content.code_block
target_entity_type_id: block_content
target_bundle: code_block
default_langcode: site_default
language_alterable: false
